
Microsoft Visual Studio Solution File, Format Version 12.00
# Visual Studio 15
VisualStudioVersion = 15.0.28307.329
MinimumVisualStudioVersion = 10.0.40219.1
Project("{FAE04EC0-301F-11D3-BF4B-00C04F79EFBC}") = "PracticeSerializer", "PracticeSerializer\PracticeSerializer.csproj", "{CA2BE1E9-ACF2-4314-8875-8E1351A3CA41}"
EndProject
Project("{FAE04EC0-301F-11D3-BF4B-00C04F79EFBC}") = "SerializConsolAppNew", "SerializConsolAppNew\SerializConsolAppNew.csproj", "{7896EC60-2B65-44E0-AE0B-5ADF13C9DCAC}"
EndProject
Project("{FAE04EC0-301F-11D3-BF4B-00C04F79EFBC}") = "DeserializConsolAppNew", "DeserializConsolAppNew\DeserializConsolAppNew.csproj", "{30201A36-55AD-4583-91DB-646411EE9B42}"
EndProject
Global
	GlobalSection(SolutionConfigurationPlatforms) = preSolution
		Debug|Any CPU = Debug|Any CPU
		Release|Any CPU = Release|Any CPU
	EndGlobalSection
	GlobalSection(ProjectConfigurationPlatforms) = postSolution
		{CA2BE1E9-ACF2-4314-8875-8E1351A3CA41}.Debug|Any CPU.ActiveCfg = Debug|Any CPU
		{CA2BE1E9-ACF2-4314-8875-8E1351A3CA41}.Debug|Any CPU.Build.0 = Debug|Any CPU
		{CA2BE1E9-ACF2-4314-8875-8E1351A3CA41}.Release|Any CPU.ActiveCfg = Release|Any CPU
		{CA2BE1E9-ACF2-4314-8875-8E1351A3CA41}.Release|Any CPU.Build.0 = Release|Any CPU
		{7896EC60-2B65-44E0-AE0B-5ADF13C9DCAC}.Debug|Any CPU.ActiveCfg = Debug|Any CPU
		{7896EC60-2B65-44E0-AE0B-5ADF13C9DCAC}.Debug|Any CPU.Build.0 = Debug|Any CPU
		{7896EC60-2B65-44E0-AE0B-5ADF13C9DCAC}.Release|Any CPU.ActiveCfg = Release|Any CPU
		{7896EC60-2B65-44E0-AE0B-5ADF13C9DCAC}.Release|Any CPU.Build.0 = Release|Any CPU
		{30201A36-55AD-4583-91DB-646411EE9B42}.Debug|Any CPU.ActiveCfg = Debug|Any CPU
		{30201A36-55AD-4583-91DB-646411EE9B42}.Debug|Any CPU.Build.0 = Debug|Any CPU
		{30201A36-55AD-4583-91DB-646411EE9B42}.Release|Any CPU.ActiveCfg = Release|Any CPU
		{30201A36-55AD-4583-91DB-646411EE9B42}.Release|Any CPU.Build.0 = Release|Any CPU
	EndGlobalSection
	GlobalSection(SolutionProperties) = preSolution
		HideSolutionNode = FALSE
	EndGlobalSection
	GlobalSection(ExtensibilityGlobals) = postSolution
		SolutionGuid = {E47E2979-0641-4927-A337-DC6BDFDC98EC}
	EndGlobalSection
EndGlobal
